
Microsoft Visual Studio Solution File, Format Version 12.00
# Visual Studio Version 17
VisualStudioVersion = 17.3.32811.315
MinimumVisualStudioVersion = 10.0.40219.1
Project("{9A19103F-16F7-4668-BE54-9A1E7A4F7556}") = "Ris2022", "Ris2022\Ris2022.csproj", "{3768F51D-E497-4D83-BAAD-9E066FBA5A90}"
EndProject
Project("{9A19103F-16F7-4668-BE54-9A1E7A4F7556}") = "ReportsDataSet", "ReportsDataSet\ReportsDataSet.csproj", "{CC749F0D-DA61-45F5-84F1-0D5EBBA8AE1A}"
EndProject
Global
	GlobalSection(SolutionConfigurationPlatforms) = preSolution
		Debug|Any CPU = Debug|Any CPU
		Release|Any CPU = Release|Any CPU
	EndGlobalSection
	GlobalSection(ProjectConfigurationPlatforms) = postSolution
		{3768F51D-E497-4D83-BAAD-9E066FBA5A90}.Debug|Any CPU.ActiveCfg = Debug|Any CPU
		{3768F51D-E497-4D83-BAAD-9E066FBA5A90}.Debug|Any CPU.Build.0 = Debug|Any CPU
		{3768F51D-E497-4D83-BAAD-9E066FBA5A90}.Release|Any CPU.ActiveCfg = Release|Any CPU
		{3768F51D-E497-4D83-BAAD-9E066FBA5A90}.Release|Any CPU.Build.0 = Release|Any CPU
		{CC749F0D-DA61-45F5-84F1-0D5EBBA8AE1A}.Debug|Any CPU.ActiveCfg = Debug|Any CPU
		{CC749F0D-DA61-45F5-84F1-0D5EBBA8AE1A}.Debug|Any CPU.Build.0 = Debug|Any CPU
		{CC749F0D-DA61-45F5-84F1-0D5EBBA8AE1A}.Release|Any CPU.ActiveCfg = Release|Any CPU
		{CC749F0D-DA61-45F5-84F1-0D5EBBA8AE1A}.Release|Any CPU.Build.0 = Release|Any CPU
	EndGlobalSection
	GlobalSection(SolutionProperties) = preSolution
		HideSolutionNode = FALSE
	EndGlobalSection
	GlobalSection(ExtensibilityGlobals) = postSolution
		SolutionGuid = {E299BE3E-2356-4FBA-8EBF-4415D98B42EF}
	EndGlobalSection
EndGlobal
